
Microsoft Visual Studio Solution File, Format Version 12.00
# Visual Studio 15
VisualStudioVersion = 15.0.27004.2010
MinimumVisualStudioVersion = 10.0.40219.1
Project("{FAE04EC0-301F-11D3-BF4B-00C04F79EFBC}") = "FileSystemNotifier_Form", "FileSystemNotifier_Form\FileSystemNotifier_Form.csproj", "{D79B1EDF-E5A0-495E-9DE6-1A1321C46EB6}"
EndProject
Project("{FAE04EC0-301F-11D3-BF4B-00C04F79EFBC}") = "FileSystemNotifier_Lib", "FileSystemNotifier_Lib\FileSystemNotifier_Lib.csproj", "{FD96CDEF-D090-4986-9132-C72FB414A1F9}"
EndProject
Global
	GlobalSection(SolutionConfigurationPlatforms) = preSolution
		Debug|Any CPU = Debug|Any CPU
		Release|Any CPU = Release|Any CPU
	EndGlobalSection
	GlobalSection(ProjectConfigurationPlatforms) = postSolution
		{D79B1EDF-E5A0-495E-9DE6-1A1321C46EB6}.Debug|Any CPU.ActiveCfg = Debug|Any CPU
		{D79B1EDF-E5A0-495E-9DE6-1A1321C46EB6}.Debug|Any CPU.Build.0 = Debug|Any CPU
		{D79B1EDF-E5A0-495E-9DE6-1A1321C46EB6}.Release|Any CPU.ActiveCfg = Release|Any CPU
		{D79B1EDF-E5A0-495E-9DE6-1A1321C46EB6}.Release|Any CPU.Build.0 = Release|Any CPU
		{FD96CDEF-D090-4986-9132-C72FB414A1F9}.Debug|Any CPU.ActiveCfg = Debug|Any CPU
		{FD96CDEF-D090-4986-9132-C72FB414A1F9}.Debug|Any CPU.Build.0 = Debug|Any CPU
		{FD96CDEF-D090-4986-9132-C72FB414A1F9}.Release|Any CPU.ActiveCfg = Release|Any CPU
		{FD96CDEF-D090-4986-9132-C72FB414A1F9}.Release|Any CPU.Build.0 = Release|Any CPU
	EndGlobalSection
	GlobalSection(SolutionProperties) = preSolution
		HideSolutionNode = FALSE
	EndGlobalSection
	GlobalSection(ExtensibilityGlobals) = postSolution
		SolutionGuid = {CCE357F9-9174-4CEB-B93B-92525DB86824}
	EndGlobalSection
EndGlobal
